
Microsoft Visual Studio Solution File, Format Version 12.00
# Visual Studio 14
VisualStudioVersion = 14.0.25420.1
MinimumVisualStudioVersion = 10.0.40219.1
Project("{FAE04EC0-301F-11D3-BF4B-00C04F79EFBC}") = "SqlCi.Console", "SqlCi.Console\SqlCi.Console.csproj", "{3233C60A-0C58-4BD3-931D-036291A928E0}"
EndProject
Project("{FAE04EC0-301F-11D3-BF4B-00C04F79EFBC}") = "SqlCi.ScriptRunner", "SqlCi.ScriptRunner\SqlCi.ScriptRunner.csproj", "{DEF29DE6-7BC4-4AB7-B61D-D6AC0A334733}"
EndProject
Global
	GlobalSection(SolutionConfigurationPlatforms) = preSolution
		Debug|Any CPU = Debug|Any CPU
		Release|Any CPU = Release|Any CPU
	EndGlobalSection
	GlobalSection(ProjectConfigurationPlatforms) = postSolution
		{3233C60A-0C58-4BD3-931D-036291A928E0}.Debug|Any CPU.ActiveCfg = Debug|Any CPU
		{3233C60A-0C58-4BD3-931D-036291A928E0}.Debug|Any CPU.Build.0 = Debug|Any CPU
		{3233C60A-0C58-4BD3-931D-036291A928E0}.Release|Any CPU.ActiveCfg = Release|Any CPU
		{3233C60A-0C58-4BD3-931D-036291A928E0}.Release|Any CPU.Build.0 = Release|Any CPU
		{DEF29DE6-7BC4-4AB7-B61D-D6AC0A334733}.Debug|Any CPU.ActiveCfg = Debug|Any CPU
		{DEF29DE6-7BC4-4AB7-B61D-D6AC0A334733}.Debug|Any CPU.Build.0 = Debug|Any CPU
		{DEF29DE6-7BC4-4AB7-B61D-D6AC0A334733}.Release|Any CPU.ActiveCfg = Release|Any CPU
		{DEF29DE6-7BC4-4AB7-B61D-D6AC0A334733}.Release|Any CPU.Build.0 = Release|Any CPU
	EndGlobalSection
	GlobalSection(SolutionProperties) = preSolution
		HideSolutionNode = FALSE
	EndGlobalSection
EndGlobal
